
Microsoft Visual Studio Solution File, Format Version 12.00
# Visual Studio Version 17
Project("{2150E333-8FDC-42A3-9474-1A3956D46DE8}") = "HostingExamples", "HostingExamples", "{D6E04CB1-CA02-39AA-9FE0-A0DE601C4984}"
EndProject
Project("{2150E333-8FDC-42A3-9474-1A3956D46DE8}") = "Libraries", "Libraries", "{00CF6BDE-3086-3C96-A859-F2BE05F75802}"
EndProject
Project("{2150E333-8FDC-42A3-9474-1A3956D46DE8}") = "Predefined", "Predefined", "{F879332C-8CF1-3C94-9312-E204CE4CAEDE}"
EndProject
Project("{2150E333-8FDC-42A3-9474-1A3956D46DE8}") = "Utilities", "Utilities", "{E8C89FE3-ECAF-3C82-BA03-2A093C62C949}"
EndProject
Project("{8BC9CEB8-8B4A-11D0-8D11-00A0C91BC942}") = "MaliciousVST", "MaliciousVST.vcxproj", "{8A164B98-40DA-3EA0-BEE3-0145E911BD65}"
	ProjectSection(ProjectDependencies) = postProject
		{741C0D1A-ABB8-3AAA-86A4-A244FBC08AE6} = {741C0D1A-ABB8-3AAA-86A4-A244FBC08AE6}
		{26F31BEF-D60A-30AE-B5CE-F6E5A0DA1454} = {26F31BEF-D60A-30AE-B5CE-F6E5A0DA1454}
		{06666E7A-A040-37A9-9886-AAA44A029AA7} = {06666E7A-A040-37A9-9886-AAA44A029AA7}
		{F5B7FF92-EC16-3595-A703-979492F302B2} = {F5B7FF92-EC16-3595-A703-979492F302B2}
		{DF6E8A96-C34D-3FCD-8116-085E6515AD05} = {DF6E8A96-C34D-3FCD-8116-085E6515AD05}
		{E985845C-D7C2-320C-ABDA-C2DFF6ACAD22} = {E985845C-D7C2-320C-ABDA-C2DFF6ACAD22}
		{6377D590-A5AB-3BB5-BC5F-E6B2A6F68559} = {6377D590-A5AB-3BB5-BC5F-E6B2A6F68559}
		{D5C6369A-BAC2-3262-80DF-981D3BF87A31} = {D5C6369A-BAC2-3262-80DF-981D3BF87A31}
		{1A0FA4A5-E31C-36DB-AB32-B0FCC7793B9B} = {1A0FA4A5-E31C-36DB-AB32-B0FCC7793B9B}
	EndProjectSection
EndProject
Project("{8BC9CEB8-8B4A-11D0-8D11-00A0C91BC942}") = "ALL_BUILD", "ALL_BUILD.vcxproj", "{16D35495-30E6-352B-AB1D-BFC3D308A4C5}"
	ProjectSection(ProjectDependencies) = postProject
		{8A164B98-40DA-3EA0-BEE3-0145E911BD65} = {8A164B98-40DA-3EA0-BEE3-0145E911BD65}
		{7B000BBC-F155-34F4-B6FA-D0A74BFD0A14} = {7B000BBC-F155-34F4-B6FA-D0A74BFD0A14}
		{741C0D1A-ABB8-3AAA-86A4-A244FBC08AE6} = {741C0D1A-ABB8-3AAA-86A4-A244FBC08AE6}
		{26F31BEF-D60A-30AE-B5CE-F6E5A0DA1454} = {26F31BEF-D60A-30AE-B5CE-F6E5A0DA1454}
		{06666E7A-A040-37A9-9886-AAA44A029AA7} = {06666E7A-A040-37A9-9886-AAA44A029AA7}
		{F5B7FF92-EC16-3595-A703-979492F302B2} = {F5B7FF92-EC16-3595-A703-979492F302B2}
		{DF6E8A96-C34D-3FCD-8116-085E6515AD05} = {DF6E8A96-C34D-3FCD-8116-085E6515AD05}
		{BFDA3D9F-0251-3AC5-AD1A-A635D9E09302} = {BFDA3D9F-0251-3AC5-AD1A-A635D9E09302}
		{E985845C-D7C2-320C-ABDA-C2DFF6ACAD22} = {E985845C-D7C2-320C-ABDA-C2DFF6ACAD22}
		{6377D590-A5AB-3BB5-BC5F-E6B2A6F68559} = {6377D590-A5AB-3BB5-BC5F-E6B2A6F68559}
		{33175BAF-2BBD-30BA-B1DB-31DC2B70ACEF} = {33175BAF-2BBD-30BA-B1DB-31DC2B70ACEF}
		{D5C6369A-BAC2-3262-80DF-981D3BF87A31} = {D5C6369A-BAC2-3262-80DF-981D3BF87A31}
		{1A0FA4A5-E31C-36DB-AB32-B0FCC7793B9B} = {1A0FA4A5-E31C-36DB-AB32-B0FCC7793B9B}
	EndProjectSection
EndProject
Project("{8BC9CEB8-8B4A-11D0-8D11-00A0C91BC942}") = "VST3Inspector", "vst3sdk\public.sdk\samples\vst-hosting\inspectorapp\VST3Inspector.vcxproj", "{7B000BBC-F155-34F4-B6FA-D0A74BFD0A14}"
	ProjectSection(ProjectDependencies) = postProject
		{6377D590-A5AB-3BB5-BC5F-E6B2A6F68559} = {6377D590-A5AB-3BB5-BC5F-E6B2A6F68559}
		{33175BAF-2BBD-30BA-B1DB-31DC2B70ACEF} = {33175BAF-2BBD-30BA-B1DB-31DC2B70ACEF}
		{1A0FA4A5-E31C-36DB-AB32-B0FCC7793B9B} = {1A0FA4A5-E31C-36DB-AB32-B0FCC7793B9B}
	EndProjectSection
EndProject
Project("{8BC9CEB8-8B4A-11D0-8D11-00A0C91BC942}") = "base", "vst3sdk\base\base.vcxproj", "{741C0D1A-ABB8-3AAA-86A4-A244FBC08AE6}"
	ProjectSection(ProjectDependencies) = postProject
	EndProjectSection
EndProject
Project("{8BC9CEB8-8B4A-11D0-8D11-00A0C91BC942}") = "cmake_VST_modules", "vst3sdk\cmake_VST_modules.vcxproj", "{404B6989-89A7-3557-ACA3-6AF0961DCCFF}"
	ProjectSection(ProjectDependencies) = postProject
	EndProjectSection
EndProject
Project("{8BC9CEB8-8B4A-11D0-8D11-00A0C91BC942}") = "cmake_modules", "vst3sdk\cmake_modules.vcxproj", "{99B1CE53-6125-3942-A334-C289FA3D065F}"
	ProjectSection(ProjectDependencies) = postProject
	EndProjectSection
EndProject
Project("{8BC9CEB8-8B4A-11D0-8D11-00A0C91BC942}") = "moduleinfotool", "vst3sdk\public.sdk\samples\vst-utilities\moduleinfotool\moduleinfotool.vcxproj", "{26F31BEF-D60A-30AE-B5CE-F6E5A0DA1454}"
	ProjectSection(ProjectDependencies) = postProject
		{741C0D1A-ABB8-3AAA-86A4-A244FBC08AE6} = {741C0D1A-ABB8-3AAA-86A4-A244FBC08AE6}
		{06666E7A-A040-37A9-9886-AAA44A029AA7} = {06666E7A-A040-37A9-9886-AAA44A029AA7}
		{DF6E8A96-C34D-3FCD-8116-085E6515AD05} = {DF6E8A96-C34D-3FCD-8116-085E6515AD05}
		{BFDA3D9F-0251-3AC5-AD1A-A635D9E09302} = {BFDA3D9F-0251-3AC5-AD1A-A635D9E09302}
	EndProjectSection
EndProject
Project("{8BC9CEB8-8B4A-11D0-8D11-00A0C91BC942}") = "pluginterfaces", "vst3sdk\pluginterfaces\pluginterfaces.vcxproj", "{06666E7A-A040-37A9-9886-AAA44A029AA7}"
	ProjectSection(ProjectDependencies) = postProject
	EndProjectSection
EndProject
Project("{8BC9CEB8-8B4A-11D0-8D11-00A0C91BC942}") = "sdk", "vst3sdk\public.sdk\sdk.vcxproj", "{F5B7FF92-EC16-3595-A703-979492F302B2}"
	ProjectSection(ProjectDependencies) = postProject
		{741C0D1A-ABB8-3AAA-86A4-A244FBC08AE6} = {741C0D1A-ABB8-3AAA-86A4-A244FBC08AE6}
		{06666E7A-A040-37A9-9886-AAA44A029AA7} = {06666E7A-A040-37A9-9886-AAA44A029AA7}
		{DF6E8A96-C34D-3FCD-8116-085E6515AD05} = {DF6E8A96-C34D-3FCD-8116-085E6515AD05}
	EndProjectSection
EndProject
Project("{8BC9CEB8-8B4A-11D0-8D11-00A0C91BC942}") = "sdk_common", "vst3sdk\public.sdk\sdk_common.vcxproj", "{DF6E8A96-C34D-3FCD-8116-085E6515AD05}"
	ProjectSection(ProjectDependencies) = postProject
		{741C0D1A-ABB8-3AAA-86A4-A244FBC08AE6} = {741C0D1A-ABB8-3AAA-86A4-A244FBC08AE6}
		{06666E7A-A040-37A9-9886-AAA44A029AA7} = {06666E7A-A040-37A9-9886-AAA44A029AA7}
	EndProjectSection
EndProject
Project("{8BC9CEB8-8B4A-11D0-8D11-00A0C91BC942}") = "sdk_hosting", "vst3sdk\public.sdk\sdk_hosting.vcxproj", "{BFDA3D9F-0251-3AC5-AD1A-A635D9E09302}"
	ProjectSection(ProjectDependencies) = postProject
		{741C0D1A-ABB8-3AAA-86A4-A244FBC08AE6} = {741C0D1A-ABB8-3AAA-86A4-A244FBC08AE6}
		{06666E7A-A040-37A9-9886-AAA44A029AA7} = {06666E7A-A040-37A9-9886-AAA44A029AA7}
		{DF6E8A96-C34D-3FCD-8116-085E6515AD05} = {DF6E8A96-C34D-3FCD-8116-085E6515AD05}
	EndProjectSection
EndProject
Project("{8BC9CEB8-8B4A-11D0-8D11-00A0C91BC942}") = "validator", "vst3sdk\public.sdk\samples\vst-hosting\validator\validator.vcxproj", "{E985845C-D7C2-320C-ABDA-C2DFF6ACAD22}"
	ProjectSection(ProjectDependencies) = postProject
		{741C0D1A-ABB8-3AAA-86A4-A244FBC08AE6} = {741C0D1A-ABB8-3AAA-86A4-A244FBC08AE6}
		{06666E7A-A040-37A9-9886-AAA44A029AA7} = {06666E7A-A040-37A9-9886-AAA44A029AA7}
		{DF6E8A96-C34D-3FCD-8116-085E6515AD05} = {DF6E8A96-C34D-3FCD-8116-085E6515AD05}
		{BFDA3D9F-0251-3AC5-AD1A-A635D9E09302} = {BFDA3D9F-0251-3AC5-AD1A-A635D9E09302}
	EndProjectSection
EndProject
Project("{8BC9CEB8-8B4A-11D0-8D11-00A0C91BC942}") = "vstgui", "vst3sdk\VSTGUI.build\lib\vstgui.vcxproj", "{6377D590-A5AB-3BB5-BC5F-E6B2A6F68559}"
	ProjectSection(ProjectDependencies) = postProject
	EndProjectSection
EndProject
Project("{8BC9CEB8-8B4A-11D0-8D11-00A0C91BC942}") = "vstgui_standalone", "vst3sdk\VSTGUI.build\standalone\vstgui_standalone.vcxproj", "{33175BAF-2BBD-30BA-B1DB-31DC2B70ACEF}"
	ProjectSection(ProjectDependencies) = postProject
	EndProjectSection
EndProject
Project("{8BC9CEB8-8B4A-11D0-8D11-00A0C91BC942}") = "vstgui_support", "vst3sdk\vstgui_support.vcxproj", "{D5C6369A-BAC2-3262-80DF-981D3BF87A31}"
	ProjectSection(ProjectDependencies) = postProject
		{741C0D1A-ABB8-3AAA-86A4-A244FBC08AE6} = {741C0D1A-ABB8-3AAA-86A4-A244FBC08AE6}
		{6377D590-A5AB-3BB5-BC5F-E6B2A6F68559} = {6377D590-A5AB-3BB5-BC5F-E6B2A6F68559}
		{1A0FA4A5-E31C-36DB-AB32-B0FCC7793B9B} = {1A0FA4A5-E31C-36DB-AB32-B0FCC7793B9B}
	EndProjectSection
EndProject
Project("{8BC9CEB8-8B4A-11D0-8D11-00A0C91BC942}") = "vstgui_uidescription", "vst3sdk\VSTGUI.build\uidescription\vstgui_uidescription.vcxproj", "{1A0FA4A5-E31C-36DB-AB32-B0FCC7793B9B}"
	ProjectSection(ProjectDependencies) = postProject
		{6377D590-A5AB-3BB5-BC5F-E6B2A6F68559} = {6377D590-A5AB-3BB5-BC5F-E6B2A6F68559}
	EndProjectSection
EndProject
Global
	GlobalSection(SolutionConfigurationPlatforms) = preSolution
		Debug|x64 = Debug|x64
		Release|x64 = Release|x64
	EndGlobalSection
	GlobalSection(ProjectConfigurationPlatforms) = postSolution
		{8A164B98-40DA-3EA0-BEE3-0145E911BD65}.Debug|x64.ActiveCfg = Debug|x64
		{8A164B98-40DA-3EA0-BEE3-0145E911BD65}.Debug|x64.Build.0 = Debug|x64
		{8A164B98-40DA-3EA0-BEE3-0145E911BD65}.Release|x64.ActiveCfg = Release|x64
		{8A164B98-40DA-3EA0-BEE3-0145E911BD65}.Release|x64.Build.0 = Release|x64
		{16D35495-30E6-352B-AB1D-BFC3D308A4C5}.Debug|x64.ActiveCfg = Debug|x64
		{16D35495-30E6-352B-AB1D-BFC3D308A4C5}.Release|x64.ActiveCfg = Release|x64
		{7B000BBC-F155-34F4-B6FA-D0A74BFD0A14}.Debug|x64.ActiveCfg = Debug|x64
		{7B000BBC-F155-34F4-B6FA-D0A74BFD0A14}.Debug|x64.Build.0 = Debug|x64
		{7B000BBC-F155-34F4-B6FA-D0A74BFD0A14}.Release|x64.ActiveCfg = Release|x64
		{7B000BBC-F155-34F4-B6FA-D0A74BFD0A14}.Release|x64.Build.0 = Release|x64
		{741C0D1A-ABB8-3AAA-86A4-A244FBC08AE6}.Debug|x64.ActiveCfg = Debug|x64
		{741C0D1A-ABB8-3AAA-86A4-A244FBC08AE6}.Debug|x64.Build.0 = Debug|x64
		{741C0D1A-ABB8-3AAA-86A4-A244FBC08AE6}.Release|x64.ActiveCfg = Release|x64
		{741C0D1A-ABB8-3AAA-86A4-A244FBC08AE6}.Release|x64.Build.0 = Release|x64
		{404B6989-89A7-3557-ACA3-6AF0961DCCFF}.Debug|x64.ActiveCfg = Debug|x64
		{404B6989-89A7-3557-ACA3-6AF0961DCCFF}.Release|x64.ActiveCfg = Release|x64
		{99B1CE53-6125-3942-A334-C289FA3D065F}.Debug|x64.ActiveCfg = Debug|x64
		{99B1CE53-6125-3942-A334-C289FA3D065F}.Release|x64.ActiveCfg = Release|x64
		{26F31BEF-D60A-30AE-B5CE-F6E5A0DA1454}.Debug|x64.ActiveCfg = Debug|x64
		{26F31BEF-D60A-30AE-B5CE-F6E5A0DA1454}.Debug|x64.Build.0 = Debug|x64
		{26F31BEF-D60A-30AE-B5CE-F6E5A0DA1454}.Release|x64.ActiveCfg = Release|x64
		{26F31BEF-D60A-30AE-B5CE-F6E5A0DA1454}.Release|x64.Build.0 = Release|x64
		{06666E7A-A040-37A9-9886-AAA44A029AA7}.Debug|x64.ActiveCfg = Debug|x64
		{06666E7A-A040-37A9-9886-AAA44A029AA7}.Debug|x64.Build.0 = Debug|x64
		{06666E7A-A040-37A9-9886-AAA44A029AA7}.Release|x64.ActiveCfg = Release|x64
		{06666E7A-A040-37A9-9886-AAA44A029AA7}.Release|x64.Build.0 = Release|x64
		{F5B7FF92-EC16-3595-A703-979492F302B2}.Debug|x64.ActiveCfg = Debug|x64
		{F5B7FF92-EC16-3595-A703-979492F302B2}.Debug|x64.Build.0 = Debug|x64
		{F5B7FF92-EC16-3595-A703-979492F302B2}.Release|x64.ActiveCfg = Release|x64
		{F5B7FF92-EC16-3595-A703-979492F302B2}.Release|x64.Build.0 = Release|x64
		{DF6E8A96-C34D-3FCD-8116-085E6515AD05}.Debug|x64.ActiveCfg = Debug|x64
		{DF6E8A96-C34D-3FCD-8116-085E6515AD05}.Debug|x64.Build.0 = Debug|x64
		{DF6E8A96-C34D-3FCD-8116-085E6515AD05}.Release|x64.ActiveCfg = Release|x64
		{DF6E8A96-C34D-3FCD-8116-085E6515AD05}.Release|x64.Build.0 = Release|x64
		{BFDA3D9F-0251-3AC5-AD1A-A635D9E09302}.Debug|x64.ActiveCfg = Debug|x64
		{BFDA3D9F-0251-3AC5-AD1A-A635D9E09302}.Debug|x64.Build.0 = Debug|x64
		{BFDA3D9F-0251-3AC5-AD1A-A635D9E09302}.Release|x64.ActiveCfg = Release|x64
		{BFDA3D9F-0251-3AC5-AD1A-A635D9E09302}.Release|x64.Build.0 = Release|x64
		{E985845C-D7C2-320C-ABDA-C2DFF6ACAD22}.Debug|x64.ActiveCfg = Debug|x64
		{E985845C-D7C2-320C-ABDA-C2DFF6ACAD22}.Debug|x64.Build.0 = Debug|x64
		{E985845C-D7C2-320C-ABDA-C2DFF6ACAD22}.Release|x64.ActiveCfg = Release|x64
		{E985845C-D7C2-320C-ABDA-C2DFF6ACAD22}.Release|x64.Build.0 = Release|x64
		{6377D590-A5AB-3BB5-BC5F-E6B2A6F68559}.Debug|x64.ActiveCfg = Debug|x64
		{6377D590-A5AB-3BB5-BC5F-E6B2A6F68559}.Debug|x64.Build.0 = Debug|x64
		{6377D590-A5AB-3BB5-BC5F-E6B2A6F68559}.Release|x64.ActiveCfg = Release|x64
		{6377D590-A5AB-3BB5-BC5F-E6B2A6F68559}.Release|x64.Build.0 = Release|x64
		{33175BAF-2BBD-30BA-B1DB-31DC2B70ACEF}.Debug|x64.ActiveCfg = Debug|x64
		{33175BAF-2BBD-30BA-B1DB-31DC2B70ACEF}.Debug|x64.Build.0 = Debug|x64
		{33175BAF-2BBD-30BA-B1DB-31DC2B70ACEF}.Release|x64.ActiveCfg = Release|x64
		{33175BAF-2BBD-30BA-B1DB-31DC2B70ACEF}.Release|x64.Build.0 = Release|x64
		{D5C6369A-BAC2-3262-80DF-981D3BF87A31}.Debug|x64.ActiveCfg = Debug|x64
		{D5C6369A-BAC2-3262-80DF-981D3BF87A31}.Debug|x64.Build.0 = Debug|x64
		{D5C6369A-BAC2-3262-80DF-981D3BF87A31}.Release|x64.ActiveCfg = Release|x64
		{D5C6369A-BAC2-3262-80DF-981D3BF87A31}.Release|x64.Build.0 = Release|x64
		{1A0FA4A5-E31C-36DB-AB32-B0FCC7793B9B}.Debug|x64.ActiveCfg = Debug|x64
		{1A0FA4A5-E31C-36DB-AB32-B0FCC7793B9B}.Debug|x64.Build.0 = Debug|x64
		{1A0FA4A5-E31C-36DB-AB32-B0FCC7793B9B}.Release|x64.ActiveCfg = Release|x64
		{1A0FA4A5-E31C-36DB-AB32-B0FCC7793B9B}.Release|x64.Build.0 = Release|x64
	EndGlobalSection
	GlobalSection(NestedProjects) = preSolution
		{7B000BBC-F155-34F4-B6FA-D0A74BFD0A14} = {D6E04CB1-CA02-39AA-9FE0-A0DE601C4984}
		{E985845C-D7C2-320C-ABDA-C2DFF6ACAD22} = {D6E04CB1-CA02-39AA-9FE0-A0DE601C4984}
		{741C0D1A-ABB8-3AAA-86A4-A244FBC08AE6} = {00CF6BDE-3086-3C96-A859-F2BE05F75802}
		{404B6989-89A7-3557-ACA3-6AF0961DCCFF} = {00CF6BDE-3086-3C96-A859-F2BE05F75802}
		{99B1CE53-6125-3942-A334-C289FA3D065F} = {00CF6BDE-3086-3C96-A859-F2BE05F75802}
		{06666E7A-A040-37A9-9886-AAA44A029AA7} = {00CF6BDE-3086-3C96-A859-F2BE05F75802}
		{F5B7FF92-EC16-3595-A703-979492F302B2} = {00CF6BDE-3086-3C96-A859-F2BE05F75802}
		{DF6E8A96-C34D-3FCD-8116-085E6515AD05} = {00CF6BDE-3086-3C96-A859-F2BE05F75802}
		{BFDA3D9F-0251-3AC5-AD1A-A635D9E09302} = {00CF6BDE-3086-3C96-A859-F2BE05F75802}
		{6377D590-A5AB-3BB5-BC5F-E6B2A6F68559} = {00CF6BDE-3086-3C96-A859-F2BE05F75802}
		{33175BAF-2BBD-30BA-B1DB-31DC2B70ACEF} = {00CF6BDE-3086-3C96-A859-F2BE05F75802}
		{D5C6369A-BAC2-3262-80DF-981D3BF87A31} = {00CF6BDE-3086-3C96-A859-F2BE05F75802}
		{1A0FA4A5-E31C-36DB-AB32-B0FCC7793B9B} = {00CF6BDE-3086-3C96-A859-F2BE05F75802}
		{16D35495-30E6-352B-AB1D-BFC3D308A4C5} = {F879332C-8CF1-3C94-9312-E204CE4CAEDE}
		{26F31BEF-D60A-30AE-B5CE-F6E5A0DA1454} = {E8C89FE3-ECAF-3C82-BA03-2A093C62C949}
	EndGlobalSection
	GlobalSection(ExtensibilityGlobals) = postSolution
		SolutionGuid = {F9C7853A-5384-36DF-898C-64AB8A58D22E}
	EndGlobalSection
	GlobalSection(ExtensibilityAddIns) = postSolution
	EndGlobalSection
EndGlobal
