
Microsoft Visual Studio Solution File, Format Version 12.00
# Visual Studio Version 17
Project("{2150E333-8FDC-42A3-9474-1A3956D46DE8}") = "Libraries", "Libraries", "{00CF6BDE-3086-3C96-A859-F2BE05F75802}"
EndProject
Project("{2150E333-8FDC-42A3-9474-1A3956D46DE8}") = "Predefined", "Predefined", "{F879332C-8CF1-3C94-9312-E204CE4CAEDE}"
EndProject
Project("{8BC9CEB8-8B4A-11D0-8D11-00A0C91BC942}") = "ALL_BUILD", "ALL_BUILD.vcxproj", "{16D35495-30E6-352B-AB1D-BFC3D308A4C5}"
	ProjectSection(ProjectDependencies) = postProject
		{F5B7FF92-EC16-3595-A703-979492F302B2} = {F5B7FF92-EC16-3595-A703-979492F302B2}
		{DF6E8A96-C34D-3FCD-8116-085E6515AD05} = {DF6E8A96-C34D-3FCD-8116-085E6515AD05}
		{BFDA3D9F-0251-3AC5-AD1A-A635D9E09302} = {BFDA3D9F-0251-3AC5-AD1A-A635D9E09302}
	EndProjectSection
EndProject
Project("{8BC9CEB8-8B4A-11D0-8D11-00A0C91BC942}") = "base", "..\base\base.vcxproj", "{741C0D1A-ABB8-3AAA-86A4-A244FBC08AE6}"
	ProjectSection(ProjectDependencies) = postProject
	EndProjectSection
EndProject
Project("{8BC9CEB8-8B4A-11D0-8D11-00A0C91BC942}") = "pluginterfaces", "..\pluginterfaces\pluginterfaces.vcxproj", "{06666E7A-A040-37A9-9886-AAA44A029AA7}"
	ProjectSection(ProjectDependencies) = postProject
	EndProjectSection
EndProject
Project("{8BC9CEB8-8B4A-11D0-8D11-00A0C91BC942}") = "sdk", "sdk.vcxproj", "{F5B7FF92-EC16-3595-A703-979492F302B2}"
	ProjectSection(ProjectDependencies) = postProject
		{741C0D1A-ABB8-3AAA-86A4-A244FBC08AE6} = {741C0D1A-ABB8-3AAA-86A4-A244FBC08AE6}
		{06666E7A-A040-37A9-9886-AAA44A029AA7} = {06666E7A-A040-37A9-9886-AAA44A029AA7}
		{DF6E8A96-C34D-3FCD-8116-085E6515AD05} = {DF6E8A96-C34D-3FCD-8116-085E6515AD05}
	EndProjectSection
EndProject
Project("{8BC9CEB8-8B4A-11D0-8D11-00A0C91BC942}") = "sdk_common", "sdk_common.vcxproj", "{DF6E8A96-C34D-3FCD-8116-085E6515AD05}"
	ProjectSection(ProjectDependencies) = postProject
		{741C0D1A-ABB8-3AAA-86A4-A244FBC08AE6} = {741C0D1A-ABB8-3AAA-86A4-A244FBC08AE6}
		{06666E7A-A040-37A9-9886-AAA44A029AA7} = {06666E7A-A040-37A9-9886-AAA44A029AA7}
	EndProjectSection
EndProject
Project("{8BC9CEB8-8B4A-11D0-8D11-00A0C91BC942}") = "sdk_hosting", "sdk_hosting.vcxproj", "{BFDA3D9F-0251-3AC5-AD1A-A635D9E09302}"
	ProjectSection(ProjectDependencies) = postProject
		{741C0D1A-ABB8-3AAA-86A4-A244FBC08AE6} = {741C0D1A-ABB8-3AAA-86A4-A244FBC08AE6}
		{06666E7A-A040-37A9-9886-AAA44A029AA7} = {06666E7A-A040-37A9-9886-AAA44A029AA7}
		{DF6E8A96-C34D-3FCD-8116-085E6515AD05} = {DF6E8A96-C34D-3FCD-8116-085E6515AD05}
	EndProjectSection
EndProject
Global
	GlobalSection(SolutionConfigurationPlatforms) = preSolution
		Debug|x64 = Debug|x64
		Release|x64 = Release|x64
	EndGlobalSection
	GlobalSection(ProjectConfigurationPlatforms) = postSolution
		{16D35495-30E6-352B-AB1D-BFC3D308A4C5}.Debug|x64.ActiveCfg = Debug|x64
		{16D35495-30E6-352B-AB1D-BFC3D308A4C5}.Release|x64.ActiveCfg = Release|x64
		{741C0D1A-ABB8-3AAA-86A4-A244FBC08AE6}.Debug|x64.ActiveCfg = Debug|x64
		{741C0D1A-ABB8-3AAA-86A4-A244FBC08AE6}.Debug|x64.Build.0 = Debug|x64
		{741C0D1A-ABB8-3AAA-86A4-A244FBC08AE6}.Release|x64.ActiveCfg = Release|x64
		{741C0D1A-ABB8-3AAA-86A4-A244FBC08AE6}.Release|x64.Build.0 = Release|x64
		{06666E7A-A040-37A9-9886-AAA44A029AA7}.Debug|x64.ActiveCfg = Debug|x64
		{06666E7A-A040-37A9-9886-AAA44A029AA7}.Debug|x64.Build.0 = Debug|x64
		{06666E7A-A040-37A9-9886-AAA44A029AA7}.Release|x64.ActiveCfg = Release|x64
		{06666E7A-A040-37A9-9886-AAA44A029AA7}.Release|x64.Build.0 = Release|x64
		{F5B7FF92-EC16-3595-A703-979492F302B2}.Debug|x64.ActiveCfg = Debug|x64
		{F5B7FF92-EC16-3595-A703-979492F302B2}.Debug|x64.Build.0 = Debug|x64
		{F5B7FF92-EC16-3595-A703-979492F302B2}.Release|x64.ActiveCfg = Release|x64
		{F5B7FF92-EC16-3595-A703-979492F302B2}.Release|x64.Build.0 = Release|x64
		{DF6E8A96-C34D-3FCD-8116-085E6515AD05}.Debug|x64.ActiveCfg = Debug|x64
		{DF6E8A96-C34D-3FCD-8116-085E6515AD05}.Debug|x64.Build.0 = Debug|x64
		{DF6E8A96-C34D-3FCD-8116-085E6515AD05}.Release|x64.ActiveCfg = Release|x64
		{DF6E8A96-C34D-3FCD-8116-085E6515AD05}.Release|x64.Build.0 = Release|x64
		{BFDA3D9F-0251-3AC5-AD1A-A635D9E09302}.Debug|x64.ActiveCfg = Debug|x64
		{BFDA3D9F-0251-3AC5-AD1A-A635D9E09302}.Debug|x64.Build.0 = Debug|x64
		{BFDA3D9F-0251-3AC5-AD1A-A635D9E09302}.Release|x64.ActiveCfg = Release|x64
		{BFDA3D9F-0251-3AC5-AD1A-A635D9E09302}.Release|x64.Build.0 = Release|x64
	EndGlobalSection
	GlobalSection(NestedProjects) = preSolution
		{741C0D1A-ABB8-3AAA-86A4-A244FBC08AE6} = {00CF6BDE-3086-3C96-A859-F2BE05F75802}
		{06666E7A-A040-37A9-9886-AAA44A029AA7} = {00CF6BDE-3086-3C96-A859-F2BE05F75802}
		{F5B7FF92-EC16-3595-A703-979492F302B2} = {00CF6BDE-3086-3C96-A859-F2BE05F75802}
		{DF6E8A96-C34D-3FCD-8116-085E6515AD05} = {00CF6BDE-3086-3C96-A859-F2BE05F75802}
		{BFDA3D9F-0251-3AC5-AD1A-A635D9E09302} = {00CF6BDE-3086-3C96-A859-F2BE05F75802}
		{16D35495-30E6-352B-AB1D-BFC3D308A4C5} = {F879332C-8CF1-3C94-9312-E204CE4CAEDE}
	EndGlobalSection
	GlobalSection(ExtensibilityGlobals) = postSolution
		SolutionGuid = {2651DF73-13FD-3959-9D41-6953EE793991}
	EndGlobalSection
	GlobalSection(ExtensibilityAddIns) = postSolution
	EndGlobalSection
EndGlobal
